// !$*UTF8*$!
{
	archiveVersion = 1;
	classes = {
	};
	objectVersion = 46;
	objects = {

/* Begin PBXBuildFile section */
		968BCD531A57254B00FE4618 /* AppDelegate.swift in Sources */ = {isa = PBXBuildFile; fileRef = 968BCD521A57254B00FE4618 /* AppDelegate.swift */; };
		968BCD551A57254B00FE4618 /* ViewController.swift in Sources */ = {isa = PBXBuildFile; fileRef = 968BCD541A57254B00FE4618 /* ViewController.swift */; };
		968BCD581A57254B00FE4618 /* Main.storyboard in Resources */ = {isa = PBXBuildFile; fileRef = 968BCD561A57254B00FE4618 /* Main.storyboard */; };
		968BCD5A1A57254B00FE4618 /* Images.xcassets in Resources */ = {isa = PBXBuildFile; fileRef = 968BCD591A57254B00FE4618 /* Images.xcassets */; };
		968BCD5D1A57254B00FE4618 /* LaunchScreen.xib in Resources */ = {isa = PBXBuildFile; fileRef = 968BCD5B1A57254B00FE4618 /* LaunchScreen.xib */; };
		968BCD691A57254B00FE4618 /* iRepoLoaderTests.swift in Sources */ = {isa = PBXBuildFile; fileRef = 968BCD681A57254B00FE4618 /* iRepoLoaderTests.swift */; };
		968BCD731A57258300FE4618 /* Cartfile in Resources */ = {isa = PBXBuildFile; fileRef = 968BCD721A57258300FE4618 /* Cartfile */; };
		968BCD751A5726DC00FE4618 /* SwiftyJSON.framework in Frameworks */ = {isa = PBXBuildFile; fileRef = 968BCD741A5726DC00FE4618 /* SwiftyJSON.framework */; };
		968BCD801A57277C00FE4618 /* Alamofire.framework in Frameworks */ = {isa = PBXBuildFile; fileRef = 968BCD7D1A57276F00FE4618 /* Alamofire.framework */; };
/* End PBXBuildFile section */

/* Begin PBXContainerItemProxy section */
		968BCD631A57254B00FE4618 /* PBXContainerItemProxy */ = {
			isa = PBXContainerItemProxy;
			containerPortal = 968BCD451A57254B00FE4618 /* Project object */;
			proxyType = 1;
			remoteGlobalIDString = 968BCD4C1A57254B00FE4618;
			remoteInfo = iRepoLoader;
		};
		968BCD7C1A57276F00FE4618 /* PBXContainerItemProxy */ = {
			isa = PBXContainerItemProxy;
			containerPortal = 968BCD771A57276F00FE4618 /* Alamofire.xcodeproj */;
			proxyType = 2;
			remoteGlobalIDString = F8111E3319A95C8B0040E7D1;
			remoteInfo = Alamofire;
		};
		968BCD7E1A57276F00FE4618 /* PBXContainerItemProxy */ = {
			isa = PBXContainerItemProxy;
			containerPortal = 968BCD771A57276F00FE4618 /* Alamofire.xcodeproj */;
			proxyType = 2;
			remoteGlobalIDString = F8111E3E19A95C8B0040E7D1;
			remoteInfo = AlamofireTests;
		};
/* End PBXContainerItemProxy section */

/* Begin PBXFileReference section */
		968BCD4D1A57254B00FE4618 /* iRepoLoader.app */ = {isa = PBXFileReference; explicitFileType = wrapper.application; includeInIndex = 0; path = iRepoLoader.app; sourceTree = BUILT_PRODUCTS_DIR; };
		968BCD511A57254B00FE4618 /* Info.plist */ = {isa = PBXFileReference; lastKnownFileType = text.plist.xml; path = Info.plist; sourceTree = "<group>"; };
		968BCD521A57254B00FE4618 /* AppDelegate.swift */ = {isa = PBXFileReference; lastKnownFileType = sourcecode.swift; path = AppDelegate.swift; sourceTree = "<group>"; };
		968BCD541A57254B00FE4618 /* ViewController.swift */ = {isa = PBXFileReference; lastKnownFileType = sourcecode.swift; path = ViewController.swift; sourceTree = "<group>"; };
		968BCD571A57254B00FE4618 /* Base */ = {isa = PBXFileReference; lastKnownFileType = file.storyboard; name = Base; path = Base.lproj/Main.storyboard; sourceTree = "<group>"; };
		968BCD591A57254B00FE4618 /* Images.xcassets */ = {isa = PBXFileReference; lastKnownFileType = folder.assetcatalog; path = Images.xcassets; sourceTree = "<group>"; };
		968BCD5C1A57254B00FE4618 /* Base */ = {isa = PBXFileReference; lastKnownFileType = file.xib; name = Base; path = Base.lproj/LaunchScreen.xib; sourceTree = "<group>"; };
		968BCD621A57254B00FE4618 /* iRepoLoaderTests.xctest */ = {isa = PBXFileReference; explicitFileType = wrapper.cfbundle; includeInIndex = 0; path = iRepoLoaderTests.xctest; sourceTree = BUILT_PRODUCTS_DIR; };
		968BCD671A57254B00FE4618 /* Info.plist */ = {isa = PBXFileReference; lastKnownFileType = text.plist.xml; path = Info.plist; sourceTree = "<group>"; };
		968BCD681A57254B00FE4618 /* iRepoLoaderTests.swift */ = {isa = PBXFileReference; lastKnownFileType = sourcecode.swift; path = iRepoLoaderTests.swift; sourceTree = "<group>"; };
		968BCD721A57258300FE4618 /* Cartfile */ = {isa = PBXFileReference; fileEncoding = 4; lastKnownFileType = text; path = Cartfile; sourceTree = "<group>"; };
		968BCD741A5726DC00FE4618 /* SwiftyJSON.framework */ = {isa = PBXFileReference; lastKnownFileType = wrapper.framework; name = SwiftyJSON.framework; path = Carthage/Build/iOS/SwiftyJSON.framework; sourceTree = "<group>"; };
		968BCD771A57276F00FE4618 /* Alamofire.xcodeproj */ = {isa = PBXFileReference; lastKnownFileType = "wrapper.pb-project"; name = Alamofire.xcodeproj; path = Alamofire/Alamofire.xcodeproj; sourceTree = "<group>"; };
/* End PBXFileReference section */

/* Begin PBXFrameworksBuildPhase section */
		968BCD4A1A57254B00FE4618 /* Frameworks */ = {
			isa = PBXFrameworksBuildPhase;
			buildActionMask = 2147483647;
			files = (
				968BCD801A57277C00FE4618 /* Alamofire.framework in Frameworks */,
				968BCD751A5726DC00FE4618 /* SwiftyJSON.framework in Frameworks */,
			);
			runOnlyForDeploymentPostprocessing = 0;
		};
		968BCD5F1A57254B00FE4618 /* Frameworks */ = {
			isa = PBXFrameworksBuildPhase;
			buildActionMask = 2147483647;
			files = (
			);
			runOnlyForDeploymentPostprocessing = 0;
		};
/* End PBXFrameworksBuildPhase section */

/* Begin PBXGroup section */
		968BCD441A57254B00FE4618 = {
			isa = PBXGroup;
			children = (
				968BCD771A57276F00FE4618 /* Alamofire.xcodeproj */,
				968BCD741A5726DC00FE4618 /* SwiftyJSON.framework */,
				968BCD721A57258300FE4618 /* Cartfile */,
				968BCD4F1A57254B00FE4618 /* iRepoLoader */,
				968BCD651A57254B00FE4618 /* iRepoLoaderTests */,
				968BCD4E1A57254B00FE4618 /* Products */,
			);
			sourceTree = "<group>";
		};
		968BCD4E1A57254B00FE4618 /* Products */ = {
			isa = PBXGroup;
			children = (
				968BCD4D1A57254B00FE4618 /* iRepoLoader.app */,
				968BCD621A57254B00FE4618 /* iRepoLoaderTests.xctest */,
			);
			name = Products;
			sourceTree = "<group>";
		};
		968BCD4F1A57254B00FE4618 /* iRepoLoader */ = {
			isa = PBXGroup;
			children = (
				968BCD521A57254B00FE4618 /* AppDelegate.swift */,
				968BCD541A57254B00FE4618 /* ViewController.swift */,
				968BCD561A57254B00FE4618 /* Main.storyboard */,
				968BCD591A57254B00FE4618 /* Images.xcassets */,
				968BCD5B1A57254B00FE4618 /* LaunchScreen.xib */,
				968BCD501A57254B00FE4618 /* Supporting Files */,
			);
			path = iRepoLoader;
			sourceTree = "<group>";
		};
		968BCD501A57254B00FE4618 /* Supporting Files */ = {
			isa = PBXGroup;
			children = (
				968BCD511A57254B00FE4618 /* Info.plist */,
			);
			name = "Supporting Files";
			sourceTree = "<group>";
		};
		968BCD651A57254B00FE4618 /* iRepoLoaderTests */ = {
			isa = PBXGroup;
			children = (
				968BCD681A57254B00FE4618 /* iRepoLoaderTests.swift */,
				968BCD661A57254B00FE4618 /* Supporting Files */,
			);
			path = iRepoLoaderTests;
			sourceTree = "<group>";
		};
		968BCD661A57254B00FE4618 /* Supporting Files */ = {
			isa = PBXGroup;
			children = (
				968BCD671A57254B00FE4618 /* Info.plist */,
			);
			name = "Supporting Files";
			sourceTree = "<group>";
		};
		968BCD781A57276F00FE4618 /* Products */ = {
			isa = PBXGroup;
			children = (
				968BCD7D1A57276F00FE4618 /* Alamofire.framework */,
				968BCD7F1A57276F00FE4618 /* AlamofireTests.xctest */,
			);
			name = Products;
			sourceTree = "<group>";
		};
/* End PBXGroup section */

/* Begin PBXNativeTarget section */
		968BCD4C1A57254B00FE4618 /* iRepoLoader */ = {
			isa = PBXNativeTarget;
			buildConfigurationList = 968BCD6C1A57254B00FE4618 /* Build configuration list for PBXNativeTarget "iRepoLoader" */;
			buildPhases = (
				968BCD491A57254B00FE4618 /* Sources */,
				968BCD4A1A57254B00FE4618 /* Frameworks */,
				968BCD4B1A57254B00FE4618 /* Resources */,
				968BCD761A5726E900FE4618 /* ShellScript */,
			);
			buildRules = (
			);
			dependencies = (
			);
			name = iRepoLoader;
			productName = iRepoLoader;
			productReference = 968BCD4D1A57254B00FE4618 /* iRepoLoader.app */;
			productType = "com.apple.product-type.application";
		};
		968BCD611A57254B00FE4618 /* iRepoLoaderTests */ = {
			isa = PBXNativeTarget;
			buildConfigurationList = 968BCD6F1A57254B00FE4618 /* Build configuration list for PBXNativeTarget "iRepoLoaderTests" */;
			buildPhases = (
				968BCD5E1A57254B00FE4618 /* Sources */,
				968BCD5F1A57254B00FE4618 /* Frameworks */,
				968BCD601A57254B00FE4618 /* Resources */,
			);
			buildRules = (
			);
			dependencies = (
				968BCD641A57254B00FE4618 /* PBXTargetDependency */,
			);
			name = iRepoLoaderTests;
			productName = iRepoLoaderTests;
			productReference = 968BCD621A57254B00FE4618 /* iRepoLoaderTests.xctest */;
			productType = "com.apple.product-type.bundle.unit-test";
		};
/* End PBXNativeTarget section */

/* Begin PBXProject section */
		968BCD451A57254B00FE4618 /* Project object */ = {
			isa = PBXProject;
			attributes = {
				LastUpgradeCheck = 0610;
				ORGANIZATIONNAME = "Iván Álvarez";
				TargetAttributes = {
					968BCD4C1A57254B00FE4618 = {
						CreatedOnToolsVersion = 6.1.1;
					};
					968BCD611A57254B00FE4618 = {
						CreatedOnToolsVersion = 6.1.1;
						TestTargetID = 968BCD4C1A57254B00FE4618;
					};
				};
			};
			buildConfigurationList = 968BCD481A57254B00FE4618 /* Build configuration list for PBXProject "iRepoLoader" */;
			compatibilityVersion = "Xcode 3.2";
			developmentRegion = English;
			hasScannedForEncodings = 0;
			knownRegions = (
				en,
				Base,
			);
			mainGroup = 968BCD441A57254B00FE4618;
			productRefGroup = 968BCD4E1A57254B00FE4618 /* Products */;
			projectDirPath = "";
			projectReferences = (
				{
					ProductGroup = 968BCD781A57276F00FE4618 /* Products */;
					ProjectRef = 968BCD771A57276F00FE4618 /* Alamofire.xcodeproj */;
				},
			);
			projectRoot = "";
			targets = (
				968BCD4C1A57254B00FE4618 /* iRepoLoader */,
				968BCD611A57254B00FE4618 /* iRepoLoaderTests */,
			);
		};
/* End PBXProject section */

/* Begin PBXReferenceProxy section */
		968BCD7D1A57276F00FE4618 /* Alamofire.framework */ = {
			isa = PBXReferenceProxy;
			fileType = wrapper.framework;
			path = Alamofire.framework;
			remoteRef = 968BCD7C1A57276F00FE4618 /* PBXContainerItemProxy */;
			sourceTree = BUILT_PRODUCTS_DIR;
		};
		968BCD7F1A57276F00FE4618 /* AlamofireTests.xctest */ = {
			isa = PBXReferenceProxy;
			fileType = wrapper.cfbundle;
			path = AlamofireTests.xctest;
			remoteRef = 968BCD7E1A57276F00FE4618 /* PBXContainerItemProxy */;
			sourceTree = BUILT_PRODUCTS_DIR;
		};
/* End PBXReferenceProxy section */

/* Begin PBXResourcesBuildPhase section */
		968BCD4B1A57254B00FE4618 /* Resources */ = {
			isa = PBXResourcesBuildPhase;
			buildActionMask = 2147483647;
			files = (
				968BCD581A57254B00FE4618 /* Main.storyboard in Resources */,
				968BCD5D1A57254B00FE4618 /* LaunchScreen.xib in Resources */,
				968BCD731A57258300FE4618 /* Cartfile in Resources */,
				968BCD5A1A57254B00FE4618 /* Images.xcassets in Resources */,
			);
			runOnlyForDeploymentPostprocessing = 0;
		};
		968BCD601A57254B00FE4618 /* Resources */ = {
			isa = PBXResourcesBuildPhase;
			buildActionMask = 2147483647;
			files = (
			);
			runOnlyForDeploymentPostprocessing = 0;
		};
/* End PBXResourcesBuildPhase section */

/* Begin PBXShellScriptBuildPhase section */
		968BCD761A5726E900FE4618 /* ShellScript */ = {
			isa = PBXShellScriptBuildPhase;
			buildActionMask = 2147483647;
			files = (
			);
			inputPaths = (
				"$(SRCROOT)/Carthage/Build/iOS/SwiftyJSON.framework",
			);
			outputPaths = (
			);
			runOnlyForDeploymentPostprocessing = 0;
			shellPath = /bin/sh;
			shellScript = "/usr/local/bin/carthage copy-frameworks";
		};
/* End PBXShellScriptBuildPhase section */

/* Begin PBXSourcesBuildPhase section */
		968BCD491A57254B00FE4618 /* Sources */ = {
			isa = PBXSourcesBuildPhase;
			buildActionMask = 2147483647;
			files = (
				968BCD551A57254B00FE4618 /* ViewController.swift in Sources */,
				968BCD531A57254B00FE4618 /* AppDelegate.swift in Sources */,
			);
			runOnlyForDeploymentPostprocessing = 0;
		};
		968BCD5E1A57254B00FE4618 /* Sources */ = {
			isa = PBXSourcesBuildPhase;
			buildActionMask = 2147483647;
			files = (
				968BCD691A57254B00FE4618 /* iRepoLoaderTests.swift in Sources */,
			);
			runOnlyForDeploymentPostprocessing = 0;
		};
/* End PBXSourcesBuildPhase section */

/* Begin PBXTargetDependency section */
		968BCD641A57254B00FE4618 /* PBXTargetDependency */ = {
			isa = PBXTargetDependency;
			target = 968BCD4C1A57254B00FE4618 /* iRepoLoader */;
			targetProxy = 968BCD631A57254B00FE4618 /* PBXContainerItemProxy */;
		};
/* End PBXTargetDependency section */

/* Begin PBXVariantGroup section */
		968BCD561A57254B00FE4618 /* Main.storyboard */ = {
			isa = PBXVariantGroup;
			children = (
				968BCD571A57254B00FE4618 /* Base */,
			);
			name = Main.storyboard;
			sourceTree = "<group>";
		};
		968BCD5B1A57254B00FE4618 /* LaunchScreen.xib */ = {
			isa = PBXVariantGroup;
			children = (
				968BCD5C1A57254B00FE4618 /* Base */,
			);
			name = LaunchScreen.xib;
			sourceTree = "<group>";
		};
/* End PBXVariantGroup section */

/* Begin XCBuildConfiguration section */
		968BCD6A1A57254B00FE4618 /* Debug */ = {
			isa = XCBuildConfiguration;
			buildSettings = {
				ALWAYS_SEARCH_USER_PATHS = NO;
				CLANG_CXX_LANGUAGE_STANDARD = "gnu++0x";
				CLANG_CXX_LIBRARY = "libc++";
				CLANG_ENABLE_MODULES = YES;
				CLANG_ENABLE_OBJC_ARC = YES;
				CLANG_WARN_BOOL_CONVERSION = YES;
				CLANG_WARN_CONSTANT_CONVERSION = YES;
				CLANG_WARN_DIRECT_OBJC_ISA_USAGE = YES_ERROR;
				CLANG_WARN_EMPTY_BODY = YES;
				CLANG_WARN_ENUM_CONVERSION = YES;
				CLANG_WARN_INT_CONVERSION = YES;
				CLANG_WARN_OBJC_ROOT_CLASS = YES_ERROR;
				CLANG_WARN_UNREACHABLE_CODE = YES;
				CLANG_WARN__DUPLICATE_METHOD_MATCH = YES;
				"CODE_SIGN_IDENTITY[sdk=iphoneos*]" = "iPhone Developer";
				COPY_PHASE_STRIP = NO;
				ENABLE_STRICT_OBJC_MSGSEND = YES;
				GCC_C_LANGUAGE_STANDARD = gnu99;
				GCC_DYNAMIC_NO_PIC = NO;
				GCC_OPTIMIZATION_LEVEL = 0;
				GCC_PREPROCESSOR_DEFINITIONS = (
					"DEBUG=1",
					"$(inherited)",
				);
				GCC_SYMBOLS_PRIVATE_EXTERN = NO;
				GCC_WARN_64_TO_32_BIT_CONVERSION = YES;
				GCC_WARN_ABOUT_RETURN_TYPE = YES_ERROR;
				GCC_WARN_UNDECLARED_SELECTOR = YES;
				GCC_WARN_UNINITIALIZED_AUTOS = YES_AGGRESSIVE;
				GCC_WARN_UNUSED_FUNCTION = YES;
				GCC_WARN_UNUSED_VARIABLE = YES;
				IPHONEOS_DEPLOYMENT_TARGET = 8.1;
				MTL_ENABLE_DEBUG_INFO = YES;
				ONLY_ACTIVE_ARCH = YES;
				SDKROOT = iphoneos;
				SWIFT_OPTIMIZATION_LEVEL = "-Onone";
			};
			name = Debug;
		};
		968BCD6B1A57254B00FE4618 /* Release */ = {
			isa = XCBuildConfiguration;
			buildSettings = {
				ALWAYS_SEARCH_USER_PATHS = NO;
				CLANG_CXX_LANGUAGE_STANDARD = "gnu++0x";
				CLANG_CXX_LIBRARY = "libc++";
				CLANG_ENABLE_MODULES = YES;
				CLANG_ENABLE_OBJC_ARC = YES;
				CLANG_WARN_BOOL_CONVERSION = YES;
				CLANG_WARN_CONSTANT_CONVERSION = YES;
				CLANG_WARN_DIRECT_OBJC_ISA_USAGE = YES_ERROR;
				CLANG_WARN_EMPTY_BODY = YES;
				CLANG_WARN_ENUM_CONVERSION = YES;
				CLANG_WARN_INT_CONVERSION = YES;
				CLANG_WARN_OBJC_ROOT_CLASS = YES_ERROR;
				CLANG_WARN_UNREACHABLE_CODE = YES;
				CLANG_WARN__DUPLICATE_METHOD_MATCH = YES;
				"CODE_SIGN_IDENTITY[sdk=iphoneos*]" = "iPhone Developer";
				COPY_PHASE_STRIP = YES;
				ENABLE_NS_ASSERTIONS = NO;
				ENABLE_STRICT_OBJC_MSGSEND = YES;
				GCC_C_LANGUAGE_STANDARD = gnu99;
				GCC_WARN_64_TO_32_BIT_CONVERSION = YES;
				GCC_WARN_ABOUT_RETURN_TYPE = YES_ERROR;
				GCC_WARN_UNDECLARED_SELECTOR = YES;
				GCC_WARN_UNINITIALIZED_AUTOS = YES_AGGRESSIVE;
				GCC_WARN_UNUSED_FUNCTION = YES;
				GCC_WARN_UNUSED_VARIABLE = YES;
				IPHONEOS_DEPLOYMENT_TARGET = 8.1;
				MTL_ENABLE_DEBUG_INFO = NO;
				SDKROOT = iphoneos;
				VALIDATE_PRODUCT = YES;
			};
			name = Release;
		};
		968BCD6D1A57254B00FE4618 /* Debug */ = {
			isa = XCBuildConfiguration;
			buildSettings = {
				ASSETCATALOG_COMPILER_APPICON_NAME = AppIcon;
				FRAMEWORK_SEARCH_PATHS = (
					"$(inherited)",
					"$(PROJECT_DIR)/Carthage/Build/iOS",
				);
				INFOPLIST_FILE = iRepoLoader/Info.plist;
				LD_RUNPATH_SEARCH_PATHS = "$(inherited) @executable_path/Frameworks";
				PRODUCT_NAME = "$(TARGET_NAME)";
			};
			name = Debug;
		};
		968BCD6E1A57254B00FE4618 /* Release */ = {
			isa = XCBuildConfiguration;
			buildSettings = {
				ASSETCATALOG_COMPILER_APPICON_NAME = AppIcon;
				FRAMEWORK_SEARCH_PATHS = (
					"$(inherited)",
					"$(PROJECT_DIR)/Carthage/Build/iOS",
				);
				INFOPLIST_FILE = iRepoLoader/Info.plist;
				LD_RUNPATH_SEARCH_PATHS = "$(inherited) @executable_path/Frameworks";
				PRODUCT_NAME = "$(TARGET_NAME)";
			};
			name = Release;
		};
		968BCD701A57254B00FE4618 /* Debug */ = {
			isa = XCBuildConfiguration;
			buildSettings = {
				BUNDLE_LOADER = "$(TEST_HOST)";
				FRAMEWORK_SEARCH_PATHS = (
					"$(SDKROOT)/Developer/Library/Frameworks",
					"$(inherited)",
				);
				GCC_PREPROCESSOR_DEFINITIONS = (
					"DEBUG=1",
					"$(inherited)",
				);
				INFOPLIST_FILE = iRepoLoaderTests/Info.plist;
				LD_RUNPATH_SEARCH_PATHS = "$(inherited) @executable_path/Frameworks @loader_path/Frameworks";
				PRODUCT_NAME = "$(TARGET_NAME)";
				TEST_HOST = "$(BUILT_PRODUCTS_DIR)/iRepoLoader.app/iRepoLoader";
			};
			name = Debug;
		};
		968BCD711A57254B00FE4618 /* Release */ = {
			isa = XCBuildConfiguration;
			buildSettings = {
				BUNDLE_LOADER = "$(TEST_HOST)";
				FRAMEWORK_SEARCH_PATHS = (
					"$(SDKROOT)/Developer/Library/Frameworks",
					"$(inherited)",
				);
				INFOPLIST_FILE = iRepoLoaderTests/Info.plist;
				LD_RUNPATH_SEARCH_PATHS = "$(inherited) @executable_path/Frameworks @loader_path/Frameworks";
				PRODUCT_NAME = "$(TARGET_NAME)";
				TEST_HOST = "$(BUILT_PRODUCTS_DIR)/iRepoLoader.app/iRepoLoader";
			};
			name = Release;
		};
/* End XCBuildConfiguration section */

/* Begin XCConfigurationList section */
		968BCD481A57254B00FE4618 /* Build configuration list for PBXProject "iRepoLoader" */ = {
			isa = XCConfigurationList;
			buildConfigurations = (
				968BCD6A1A57254B00FE4618 /* Debug */,
				968BCD6B1A57254B00FE4618 /* Release */,
			);
			defaultConfigurationIsVisible = 0;
			defaultConfigurationName = Release;
		};
		968BCD6C1A57254B00FE4618 /* Build configuration list for PBXNativeTarget "iRepoLoader" */ = {
			isa = XCConfigurationList;
			buildConfigurations = (
				968BCD6D1A57254B00FE4618 /* Debug */,
				968BCD6E1A57254B00FE4618 /* Release */,
			);
			defaultConfigurationIsVisible = 0;
		};
		968BCD6F1A57254B00FE4618 /* Build configuration list for PBXNativeTarget "iRepoLoaderTests" */ = {
			isa = XCConfigurationList;
			buildConfigurations = (
				968BCD701A57254B00FE4618 /* Debug */,
				968BCD711A57254B00FE4618 /* Release */,
			);
			defaultConfigurationIsVisible = 0;
		};
/* End XCConfigurationList section */
	};
	rootObject = 968BCD451A57254B00FE4618 /* Project object */;
}
